
Microsoft Visual Studio Solution File, Format Version 12.00
# Visual Studio Version 16
VisualStudioVersion = 16.0.34114.132
MinimumVisualStudioVersion = 10.0.40219.1
Project("{FAE04EC0-301F-11D3-BF4B-00C04F79EFBC}") = "RestaurantWebAPI", "RestaurantWebAPI\RestaurantWebAPI.csproj", "{EEB80E0D-46A9-41D8-982D-AC225C28D075}"
EndProject
Global
	GlobalSection(SolutionConfigurationPlatforms) = preSolution
		Debug|Any CPU = Debug|Any CPU
		Release|Any CPU = Release|Any CPU
	EndGlobalSection
	GlobalSection(ProjectConfigurationPlatforms) = postSolution
		{EEB80E0D-46A9-41D8-982D-AC225C28D075}.Debug|Any CPU.ActiveCfg = Debug|Any CPU
		{EEB80E0D-46A9-41D8-982D-AC225C28D075}.Debug|Any CPU.Build.0 = Debug|Any CPU
		{EEB80E0D-46A9-41D8-982D-AC225C28D075}.Release|Any CPU.ActiveCfg = Release|Any CPU
		{EEB80E0D-46A9-41D8-982D-AC225C28D075}.Release|Any CPU.Build.0 = Release|Any CPU
	EndGlobalSection
	GlobalSection(SolutionProperties) = preSolution
		HideSolutionNode = FALSE
	EndGlobalSection
	GlobalSection(ExtensibilityGlobals) = postSolution
		SolutionGuid = {168E3878-71DF-4B70-9B9E-123E386FEDD3}
	EndGlobalSection
EndGlobal
